// !$*UTF8*$!
{
	archiveVersion = 1;
	classes = {
	};
	objectVersion = 50;
	objects = {

/* Begin PBXBuildFile section */
		A18E178524F8FC7D00B32BE6 /* LaunchScreenView.swift in Sources */ = {isa = PBXBuildFile; fileRef = A18E178424F8FC7D00B32BE6 /* LaunchScreenView.swift */; };
		A1AA28C124EF5E8A00F58A65 /* AppDelegate.swift in Sources */ = {isa = PBXBuildFile; fileRef = A1AA28C024EF5E8A00F58A65 /* AppDelegate.swift */; };
		A1AA28C324EF5E8A00F58A65 /* SceneDelegate.swift in Sources */ = {isa = PBXBuildFile; fileRef = A1AA28C224EF5E8A00F58A65 /* SceneDelegate.swift */; };
		A1AA28C524EF5E8A00F58A65 /* ContentView.swift in Sources */ = {isa = PBXBuildFile; fileRef = A1AA28C424EF5E8A00F58A65 /* ContentView.swift */; };
		A1AA28C724EF5E8C00F58A65 /* Assets.xcassets in Resources */ = {isa = PBXBuildFile; fileRef = A1AA28C624EF5E8C00F58A65 /* Assets.xcassets */; };
		A1AA28CA24EF5E8C00F58A65 /* Preview Assets.xcassets in Resources */ = {isa = PBXBuildFile; fileRef = A1AA28C924EF5E8C00F58A65 /* Preview Assets.xcassets */; };
		A1AA28CD24EF5E8C00F58A65 /* LaunchScreen.storyboard in Resources */ = {isa = PBXBuildFile; fileRef = A1AA28CB24EF5E8C00F58A65 /* LaunchScreen.storyboard */; };
		A1AA28D624EF63D100F58A65 /* PostView.swift in Sources */ = {isa = PBXBuildFile; fileRef = A1AA28D524EF63D100F58A65 /* PostView.swift */; };
		A1AA28D924EF6A1800F58A65 /* Post.swift in Sources */ = {isa = PBXBuildFile; fileRef = A1AA28D824EF6A1800F58A65 /* Post.swift */; };
		A1AA28DB24EF783900F58A65 /* StoryView.swift in Sources */ = {isa = PBXBuildFile; fileRef = A1AA28DA24EF783900F58A65 /* StoryView.swift */; };
		A1AA28DD24EF7F0A00F58A65 /* DetailedStoryView.swift in Sources */ = {isa = PBXBuildFile; fileRef = A1AA28DC24EF7F0A00F58A65 /* DetailedStoryView.swift */; };
/* End PBXBuildFile section */

/* Begin PBXFileReference section */
		A18E178424F8FC7D00B32BE6 /* LaunchScreenView.swift */ = {isa = PBXFileReference; lastKnownFileType = sourcecode.swift; path = LaunchScreenView.swift; sourceTree = "<group>"; };
		A1AA28BD24EF5E8A00F58A65 /* SwiftUIFacebookUI.app */ = {isa = PBXFileReference; explicitFileType = wrapper.application; includeInIndex = 0; path = SwiftUIFacebookUI.app; sourceTree = BUILT_PRODUCTS_DIR; };
		A1AA28C024EF5E8A00F58A65 /* AppDelegate.swift */ = {isa = PBXFileReference; lastKnownFileType = sourcecode.swift; path = AppDelegate.swift; sourceTree = "<group>"; };
		A1AA28C224EF5E8A00F58A65 /* SceneDelegate.swift */ = {isa = PBXFileReference; lastKnownFileType = sourcecode.swift; path = SceneDelegate.swift; sourceTree = "<group>"; };
		A1AA28C424EF5E8A00F58A65 /* ContentView.swift */ = {isa = PBXFileReference; lastKnownFileType = sourcecode.swift; path = ContentView.swift; sourceTree = "<group>"; };
		A1AA28C624EF5E8C00F58A65 /* Assets.xcassets */ = {isa = PBXFileReference; lastKnownFileType = folder.assetcatalog; path = Assets.xcassets; sourceTree = "<group>"; };
		A1AA28C924EF5E8C00F58A65 /* Preview Assets.xcassets */ = {isa = PBXFileReference; lastKnownFileType = folder.assetcatalog; path = "Preview Assets.xcassets"; sourceTree = "<group>"; };
		A1AA28CC24EF5E8C00F58A65 /* Base */ = {isa = PBXFileReference; lastKnownFileType = file.storyboard; name = Base; path = Base.lproj/LaunchScreen.storyboard; sourceTree = "<group>"; };
		A1AA28CE24EF5E8C00F58A65 /* Info.plist */ = {isa = PBXFileReference; lastKnownFileType = text.plist.xml; path = Info.plist; sourceTree = "<group>"; };
		A1AA28D524EF63D100F58A65 /* PostView.swift */ = {isa = PBXFileReference; lastKnownFileType = sourcecode.swift; path = PostView.swift; sourceTree = "<group>"; };
		A1AA28D824EF6A1800F58A65 /* Post.swift */ = {isa = PBXFileReference; lastKnownFileType = sourcecode.swift; path = Post.swift; sourceTree = "<group>"; };
		A1AA28DA24EF783900F58A65 /* StoryView.swift */ = {isa = PBXFileReference; lastKnownFileType = sourcecode.swift; path = StoryView.swift; sourceTree = "<group>"; };
		A1AA28DC24EF7F0A00F58A65 /* DetailedStoryView.swift */ = {isa = PBXFileReference; lastKnownFileType = sourcecode.swift; path = DetailedStoryView.swift; sourceTree = "<group>"; };
/* End PBXFileReference section */

/* Begin PBXFrameworksBuildPhase section */
		A1AA28BA24EF5E8A00F58A65 /* Frameworks */ = {
			isa = PBXFrameworksBuildPhase;
			buildActionMask = 2147483647;
			files = (
			);
			runOnlyForDeploymentPostprocessing = 0;
		};
/* End PBXFrameworksBuildPhase section */

/* Begin PBXGroup section */
		A1AA28B424EF5E8A00F58A65 = {
			isa = PBXGroup;
			children = (
				A1AA28BF24EF5E8A00F58A65 /* SwiftUIFacebookUI */,
				A1AA28BE24EF5E8A00F58A65 /* Products */,
			);
			sourceTree = "<group>";
		};
		A1AA28BE24EF5E8A00F58A65 /* Products */ = {
			isa = PBXGroup;
			children = (
				A1AA28BD24EF5E8A00F58A65 /* SwiftUIFacebookUI.app */,
			);
			name = Products;
			sourceTree = "<group>";
		};
		A1AA28BF24EF5E8A00F58A65 /* SwiftUIFacebookUI */ = {
			isa = PBXGroup;
			children = (
				A1AA28D724EF69F900F58A65 /* Models */,
				A1AA28D424EF63BE00F58A65 /* Views */,
				A1AA28C024EF5E8A00F58A65 /* AppDelegate.swift */,
				A1AA28C224EF5E8A00F58A65 /* SceneDelegate.swift */,
				A1AA28C624EF5E8C00F58A65 /* Assets.xcassets */,
				A1AA28CB24EF5E8C00F58A65 /* LaunchScreen.storyboard */,
				A1AA28CE24EF5E8C00F58A65 /* Info.plist */,
				A1AA28C824EF5E8C00F58A65 /* Preview Content */,
			);
			path = SwiftUIFacebookUI;
			sourceTree = "<group>";
		};
		A1AA28C824EF5E8C00F58A65 /* Preview Content */ = {
			isa = PBXGroup;
			children = (
				A1AA28C924EF5E8C00F58A65 /* Preview Assets.xcassets */,
			);
			path = "Preview Content";
			sourceTree = "<group>";
		};
		A1AA28D424EF63BE00F58A65 /* Views */ = {
			isa = PBXGroup;
			children = (
				A1AA28C424EF5E8A00F58A65 /* ContentView.swift */,
				A1AA28D524EF63D100F58A65 /* PostView.swift */,
				A1AA28DA24EF783900F58A65 /* StoryView.swift */,
				A1AA28DC24EF7F0A00F58A65 /* DetailedStoryView.swift */,
				A18E178424F8FC7D00B32BE6 /* LaunchScreenView.swift */,
			);
			path = Views;
			sourceTree = "<group>";
		};
		A1AA28D724EF69F900F58A65 /* Models */ = {
			isa = PBXGroup;
			children = (
				A1AA28D824EF6A1800F58A65 /* Post.swift */,
			);
			path = Models;
			sourceTree = "<group>";
		};
/* End PBXGroup section */

/* Begin PBXNativeTarget section */
		A1AA28BC24EF5E8A00F58A65 /* SwiftUIFacebookUI */ = {
			isa = PBXNativeTarget;
			buildConfigurationList = A1AA28D124EF5E8C00F58A65 /* Build configuration list for PBXNativeTarget "SwiftUIFacebookUI" */;
			buildPhases = (
				A1AA28B924EF5E8A00F58A65 /* Sources */,
				A1AA28BA24EF5E8A00F58A65 /* Frameworks */,
				A1AA28BB24EF5E8A00F58A65 /* Resources */,
			);
			buildRules = (
			);
			dependencies = (
			);
			name = SwiftUIFacebookUI;
			productName = SwiftUIFacebookUI;
			productReference = A1AA28BD24EF5E8A00F58A65 /* SwiftUIFacebookUI.app */;
			productType = "com.apple.product-type.application";
		};
/* End PBXNativeTarget section */

/* Begin PBXProject section */
		A1AA28B524EF5E8A00F58A65 /* Project object */ = {
			isa = PBXProject;
			attributes = {
				LastSwiftUpdateCheck = 1160;
				LastUpgradeCheck = 1160;
				ORGANIZATIONNAME = "Dhruvil Patel";
				TargetAttributes = {
					A1AA28BC24EF5E8A00F58A65 = {
						CreatedOnToolsVersion = 11.6;
					};
				};
			};
			buildConfigurationList = A1AA28B824EF5E8A00F58A65 /* Build configuration list for PBXProject "SwiftUIFacebookUI" */;
			compatibilityVersion = "Xcode 9.3";
			developmentRegion = en;
			hasScannedForEncodings = 0;
			knownRegions = (
				en,
				Base,
			);
			mainGroup = A1AA28B424EF5E8A00F58A65;
			productRefGroup = A1AA28BE24EF5E8A00F58A65 /* Products */;
			projectDirPath = "";
			projectRoot = "";
			targets = (
				A1AA28BC24EF5E8A00F58A65 /* SwiftUIFacebookUI */,
			);
		};
/* End PBXProject section */

/* Begin PBXResourcesBuildPhase section */
		A1AA28BB24EF5E8A00F58A65 /* Resources */ = {
			isa = PBXResourcesBuildPhase;
			buildActionMask = 2147483647;
			files = (
				A1AA28CD24EF5E8C00F58A65 /* LaunchScreen.storyboard in Resources */,
				A1AA28CA24EF5E8C00F58A65 /* Preview Assets.xcassets in Resources */,
				A1AA28C724EF5E8C00F58A65 /* Assets.xcassets in Resources */,
			);
			runOnlyForDeploymentPostprocessing = 0;
		};
/* End PBXResourcesBuildPhase section */

/* Begin PBXSourcesBuildPhase section */
		A1AA28B924EF5E8A00F58A65 /* Sources */ = {
			isa = PBXSourcesBuildPhase;
			buildActionMask = 2147483647;
			files = (
				A1AA28DB24EF783900F58A65 /* StoryView.swift in Sources */,
				A1AA28C124EF5E8A00F58A65 /* AppDelegate.swift in Sources */,
				A1AA28C324EF5E8A00F58A65 /* SceneDelegate.swift in Sources */,
				A1AA28DD24EF7F0A00F58A65 /* DetailedStoryView.swift in Sources */,
				A1AA28D624EF63D100F58A65 /* PostView.swift in Sources */,
				A1AA28C524EF5E8A00F58A65 /* ContentView.swift in Sources */,
				A1AA28D924EF6A1800F58A65 /* Post.swift in Sources */,
				A18E178524F8FC7D00B32BE6 /* LaunchScreenView.swift in Sources */,
			);
			runOnlyForDeploymentPostprocessing = 0;
		};
/* End PBXSourcesBuildPhase section */

/* Begin PBXVariantGroup section */
		A1AA28CB24EF5E8C00F58A65 /* LaunchScreen.storyboard */ = {
			isa = PBXVariantGroup;
			children = (
				A1AA28CC24EF5E8C00F58A65 /* Base */,
			);
			name = LaunchScreen.storyboard;
			sourceTree = "<group>";
		};
/* End PBXVariantGroup section */

/* Begin XCBuildConfiguration section */
		A1AA28CF24EF5E8C00F58A65 /* Debug */ = {
			isa = XCBuildConfiguration;
			buildSettings = {
				ALWAYS_SEARCH_USER_PATHS = NO;
				CLANG_ANALYZER_NONNULL = YES;
				CLANG_ANALYZER_NUMBER_OBJECT_CONVERSION = YES_AGGRESSIVE;
				CLANG_CXX_LANGUAGE_STANDARD = "gnu++14";
				CLANG_CXX_LIBRARY = "libc++";
				CLANG_ENABLE_MODULES = YES;
				CLANG_ENABLE_OBJC_ARC = YES;
				CLANG_ENABLE_OBJC_WEAK = YES;
				CLANG_WARN_BLOCK_CAPTURE_AUTORELEASING = YES;
				CLANG_WARN_BOOL_CONVERSION = YES;
				CLANG_WARN_COMMA = YES;
				CLANG_WARN_CONSTANT_CONVERSION = YES;
				CLANG_WARN_DEPRECATED_OBJC_IMPLEMENTATIONS = YES;
				CLANG_WARN_DIRECT_OBJC_ISA_USAGE = YES_ERROR;
				CLANG_WARN_DOCUMENTATION_COMMENTS = YES;
				CLANG_WARN_EMPTY_BODY = YES;
				CLANG_WARN_ENUM_CONVERSION = YES;
				CLANG_WARN_INFINITE_RECURSION = YES;
				CLANG_WARN_INT_CONVERSION = YES;
				CLANG_WARN_NON_LITERAL_NULL_CONVERSION = YES;
				CLANG_WARN_OBJC_IMPLICIT_RETAIN_SELF = YES;
				CLANG_WARN_OBJC_LITERAL_CONVERSION = YES;
				CLANG_WARN_OBJC_ROOT_CLASS = YES_ERROR;
				CLANG_WARN_RANGE_LOOP_ANALYSIS = YES;
				CLANG_WARN_STRICT_PROTOTYPES = YES;
				CLANG_WARN_SUSPICIOUS_MOVE = YES;
				CLANG_WARN_UNGUARDED_AVAILABILITY = YES_AGGRESSIVE;
				CLANG_WARN_UNREACHABLE_CODE = YES;
				CLANG_WARN__DUPLICATE_METHOD_MATCH = YES;
				COPY_PHASE_STRIP = NO;
				DEBUG_INFORMATION_FORMAT = dwarf;
				ENABLE_STRICT_OBJC_MSGSEND = YES;
				ENABLE_TESTABILITY = YES;
				GCC_C_LANGUAGE_STANDARD = gnu11;
				GCC_DYNAMIC_NO_PIC = NO;
				GCC_NO_COMMON_BLOCKS = YES;
				GCC_OPTIMIZATION_LEVEL = 0;
				GCC_PREPROCESSOR_DEFINITIONS = (
					"DEBUG=1",
					"$(inherited)",
				);
				GCC_WARN_64_TO_32_BIT_CONVERSION = YES;
				GCC_WARN_ABOUT_RETURN_TYPE = YES_ERROR;
				GCC_WARN_UNDECLARED_SELECTOR = YES;
				GCC_WARN_UNINITIALIZED_AUTOS = YES_AGGRESSIVE;
				GCC_WARN_UNUSED_FUNCTION = YES;
				GCC_WARN_UNUSED_VARIABLE = YES;
				IPHONEOS_DEPLOYMENT_TARGET = 13.6;
				MTL_ENABLE_DEBUG_INFO = INCLUDE_SOURCE;
				MTL_FAST_MATH = YES;
				ONLY_ACTIVE_ARCH = YES;
				SDKROOT = iphoneos;
				SWIFT_ACTIVE_COMPILATION_CONDITIONS = DEBUG;
				SWIFT_OPTIMIZATION_LEVEL = "-Onone";
			};
			name = Debug;
		};
		A1AA28D024EF5E8C00F58A65 /* Release */ = {
			isa = XCBuildConfiguration;
			buildSettings = {
				ALWAYS_SEARCH_USER_PATHS = NO;
				CLANG_ANALYZER_NONNULL = YES;
				CLANG_ANALYZER_NUMBER_OBJECT_CONVERSION = YES_AGGRESSIVE;
				CLANG_CXX_LANGUAGE_STANDARD = "gnu++14";
				CLANG_CXX_LIBRARY = "libc++";
				CLANG_ENABLE_MODULES = YES;
				CLANG_ENABLE_OBJC_ARC = YES;
				CLANG_ENABLE_OBJC_WEAK = YES;
				CLANG_WARN_BLOCK_CAPTURE_AUTORELEASING = YES;
				CLANG_WARN_BOOL_CONVERSION = YES;
				CLANG_WARN_COMMA = YES;
				CLANG_WARN_CONSTANT_CONVERSION = YES;
				CLANG_WARN_DEPRECATED_OBJC_IMPLEMENTATIONS = YES;
				CLANG_WARN_DIRECT_OBJC_ISA_USAGE = YES_ERROR;
				CLANG_WARN_DOCUMENTATION_COMMENTS = YES;
				CLANG_WARN_EMPTY_BODY = YES;
				CLANG_WARN_ENUM_CONVERSION = YES;
				CLANG_WARN_INFINITE_RECURSION = YES;
				CLANG_WARN_INT_CONVERSION = YES;
				CLANG_WARN_NON_LITERAL_NULL_CONVERSION = YES;
				CLANG_WARN_OBJC_IMPLICIT_RETAIN_SELF = YES;
				CLANG_WARN_OBJC_LITERAL_CONVERSION = YES;
				CLANG_WARN_OBJC_ROOT_CLASS = YES_ERROR;
				CLANG_WARN_RANGE_LOOP_ANALYSIS = YES;
				CLANG_WARN_STRICT_PROTOTYPES = YES;
				CLANG_WARN_SUSPICIOUS_MOVE = YES;
				CLANG_WARN_UNGUARDED_AVAILABILITY = YES_AGGRESSIVE;
				CLANG_WARN_UNREACHABLE_CODE = YES;
				CLANG_WARN__DUPLICATE_METHOD_MATCH = YES;
				COPY_PHASE_STRIP = NO;
				DEBUG_INFORMATION_FORMAT = "dwarf-with-dsym";
				ENABLE_NS_ASSERTIONS = NO;
				ENABLE_STRICT_OBJC_MSGSEND = YES;
				GCC_C_LANGUAGE_STANDARD = gnu11;
				GCC_NO_COMMON_BLOCKS = YES;
				GCC_WARN_64_TO_32_BIT_CONVERSION = YES;
				GCC_WARN_ABOUT_RETURN_TYPE = YES_ERROR;
				GCC_WARN_UNDECLARED_SELECTOR = YES;
				GCC_WARN_UNINITIALIZED_AUTOS = YES_AGGRESSIVE;
				GCC_WARN_UNUSED_FUNCTION = YES;
				GCC_WARN_UNUSED_VARIABLE = YES;
				IPHONEOS_DEPLOYMENT_TARGET = 13.6;
				MTL_ENABLE_DEBUG_INFO = NO;
				MTL_FAST_MATH = YES;
				SDKROOT = iphoneos;
				SWIFT_COMPILATION_MODE = wholemodule;
				SWIFT_OPTIMIZATION_LEVEL = "-O";
				VALIDATE_PRODUCT = YES;
			};
			name = Release;
		};
		A1AA28D224EF5E8C00F58A65 /* Debug */ = {
			isa = XCBuildConfiguration;
			buildSettings = {
				ASSETCATALOG_COMPILER_APPICON_NAME = AppIcon;
				CODE_SIGN_STYLE = Automatic;
				DEVELOPMENT_ASSET_PATHS = "\"SwiftUIFacebookUI/Preview Content\"";
				ENABLE_PREVIEWS = YES;
				INFOPLIST_FILE = SwiftUIFacebookUI/Info.plist;
				LD_RUNPATH_SEARCH_PATHS = (
					"$(inherited)",
					"@executable_path/Frameworks",
				);
				PRODUCT_BUNDLE_IDENTIFIER = Dhruvil.SwiftUIFacebookUI;
				PRODUCT_NAME = "$(TARGET_NAME)";
				SWIFT_VERSION = 5.0;
				TARGETED_DEVICE_FAMILY = "1,2";
			};
			name = Debug;
		};
		A1AA28D324EF5E8C00F58A65 /* Release */ = {
			isa = XCBuildConfiguration;
			buildSettings = {
				ASSETCATALOG_COMPILER_APPICON_NAME = AppIcon;
				CODE_SIGN_STYLE = Automatic;
				DEVELOPMENT_ASSET_PATHS = "\"SwiftUIFacebookUI/Preview Content\"";
				ENABLE_PREVIEWS = YES;
				INFOPLIST_FILE = SwiftUIFacebookUI/Info.plist;
				LD_RUNPATH_SEARCH_PATHS = (
					"$(inherited)",
					"@executable_path/Frameworks",
				);
				PRODUCT_BUNDLE_IDENTIFIER = Dhruvil.SwiftUIFacebookUI;
				PRODUCT_NAME = "$(TARGET_NAME)";
				SWIFT_VERSION = 5.0;
				TARGETED_DEVICE_FAMILY = "1,2";
			};
			name = Release;
		};
/* End XCBuildConfiguration section */

/* Begin XCConfigurationList section */
		A1AA28B824EF5E8A00F58A65 /* Build configuration list for PBXProject "SwiftUIFacebookUI" */ = {
			isa = XCConfigurationList;
			buildConfigurations = (
				A1AA28CF24EF5E8C00F58A65 /* Debug */,
				A1AA28D024EF5E8C00F58A65 /* Release */,
			);
			defaultConfigurationIsVisible = 0;
			defaultConfigurationName = Release;
		};
		A1AA28D124EF5E8C00F58A65 /* Build configuration list for PBXNativeTarget "SwiftUIFacebookUI" */ = {
			isa = XCConfigurationList;
			buildConfigurations = (
				A1AA28D224EF5E8C00F58A65 /* Debug */,
				A1AA28D324EF5E8C00F58A65 /* Release */,
			);
			defaultConfigurationIsVisible = 0;
			defaultConfigurationName = Release;
		};
/* End XCConfigurationList section */
	};
	rootObject = A1AA28B524EF5E8A00F58A65 /* Project object */;
}
